
Microsoft Visual Studio Solution File, Format Version 12.00
# Visual Studio 15
VisualStudioVersion = 15.0.27004.2006
MinimumVisualStudioVersion = 10.0.40219.1
Project("{FAE04EC0-301F-11D3-BF4B-00C04F79EFBC}") = "WhalesFargo", "src\WhalesFargo.csproj", "{8CC867BF-9384-41B8-B7DC-17B82E790DC1}"
EndProject
Global
	GlobalSection(SolutionConfigurationPlatforms) = preSolution
		Debug|Any CPU = Debug|Any CPU
		Release|Any CPU = Release|Any CPU
	EndGlobalSection
	GlobalSection(ProjectConfigurationPlatforms) = postSolution
		{8CC867BF-9384-41B8-B7DC-17B82E790DC1}.Debug|Any CPU.ActiveCfg = Debug|Any CPU
		{8CC867BF-9384-41B8-B7DC-17B82E790DC1}.Debug|Any CPU.Build.0 = Debug|Any CPU
		{8CC867BF-9384-41B8-B7DC-17B82E790DC1}.Release|Any CPU.ActiveCfg = Debug|Any CPU
		{8CC867BF-9384-41B8-B7DC-17B82E790DC1}.Release|Any CPU.Build.0 = Debug|Any CPU
	EndGlobalSection
	GlobalSection(SolutionProperties) = preSolution
		HideSolutionNode = FALSE
	EndGlobalSection
	GlobalSection(ExtensibilityGlobals) = postSolution
		SolutionGuid = {D1D1D540-7939-473D-B29D-66BCAA043919}
	EndGlobalSection
EndGlobal
